{
  "name": "futurelive",
  "version": "1.0.0",
  "lockfileVersion": 3,
  "requires": true,
  "packages": {
    "": {
      "name": "futurelive",
      "version": "1.0.0",
      "license": "ISC",
      "dependencies": {
        "@fal-ai/client": "^1.6.2",
        "heic-convert": "^2.1.0"
      },
      "devDependencies": {
        "@types/react": "^19.1.13",
        "@types/react-dom": "^19.1.9"
      }
    },
    "node_modules/@fal-ai/client": {
      "version": "1.6.2",
      "resolved": "https://registry.npmjs.org/@fal-ai/client/-/client-1.6.2.tgz",
      "integrity": "sha512-y89jNGAZUpvt+IZfsIczULN95fGQlPxTt2c9bNFWkKe6OBnhOY+qHHH7IO4XgCsbmCwgfzzaSHUItx1nQ3ifHQ==",
      "dependencies": {
        "@msgpack/msgpack": "^3.0.0-beta2",
        "eventsource-parser": "^1.1.2",
        "robot3": "^0.4.1"
      },
      "engines": {
        "node": ">=18.0.0"
      }
    },
    "node_modules/@msgpack/msgpack": {
      "version": "3.1.2",
      "resolved": "https://registry.npmjs.org/@msgpack/msgpack/-/msgpack-3.1.2.tgz",
      "integrity": "sha512-JEW4DEtBzfe8HvUYecLU9e6+XJnKDlUAIve8FvPzF3Kzs6Xo/KuZkZJsDH0wJXl/qEZbeeE7edxDNY3kMs39hQ==",
      "engines": {
        "node": ">= 18"
      }
    },
    "node_modules/@types/react": {
      "version": "19.1.13",
      "resolved": "https://registry.npmjs.org/@types/react/-/react-19.1.13.tgz",
      "integrity": "sha512-hHkbU/eoO3EG5/MZkuFSKmYqPbSVk5byPFa3e7y/8TybHiLMACgI8seVYlicwk7H5K/rI2px9xrQp/C+AUDTiQ==",
      "dev": true,
      "dependencies": {
        "csstype": "^3.0.2"
      }
    },
    "node_modules/@types/react-dom": {
      "version": "19.1.9",
      "resolved": "https://registry.npmjs.org/@types/react-dom/-/react-dom-19.1.9.tgz",
      "integrity": "sha512-qXRuZaOsAdXKFyOhRBg6Lqqc0yay13vN7KrIg4L7N4aaHN68ma9OK3NE1BoDFgFOTfM7zg+3/8+2n8rLUH3OKQ==",
      "dev": true,
      "peerDependencies": {
        "@types/react": "^19.0.0"
      }
    },
    "node_modules/csstype": {
      "version": "3.1.3",
      "resolved": "https://registry.npmjs.org/csstype/-/csstype-3.1.3.tgz",
      "integrity": "sha512-M1uQkMl8rQK/szD0LNhtqxIPLpimGm8sOBwU7lLnCpSbTyY3yeU1Vc7l4KT5zT4s/yOxHH5O7tIuuLOCnLADRw==",
      "dev": true
    },
    "node_modules/eventsource-parser": {
      "version": "1.1.2",
      "resolved": "https://registry.npmjs.org/eventsource-parser/-/eventsource-parser-1.1.2.tgz",
      "integrity": "sha512-v0eOBUbiaFojBu2s2NPBfYUoRR9GjcDNvCXVaqEf5vVfpIAh9f8RCo4vXTP8c63QRKCFwoLpMpTdPwwhEKVgzA==",
      "engines": {
        "node": ">=14.18"
      }
    },
    "node_modules/heic-convert": {
      "version": "2.1.0",
      "resolved": "https://registry.npmjs.org/heic-convert/-/heic-convert-2.1.0.tgz",
      "integrity": "sha512-1qDuRvEHifTVAj3pFIgkqGgJIr0M3X7cxEPjEp0oG4mo8GFjq99DpCo8Eg3kg17Cy0MTjxpFdoBHOatj7ZVKtg==",
      "dependencies": {
        "heic-decode": "^2.0.0",
        "jpeg-js": "^0.4.4",
        "pngjs": "^6.0.0"
      },
      "engines": {
        "node": ">=12.0.0"
      }
    },
    "node_modules/heic-decode": {
      "version": "2.1.0",
      "resolved": "https://registry.npmjs.org/heic-decode/-/heic-decode-2.1.0.tgz",
      "integrity": "sha512-0fB3O3WMk38+PScbHLVp66jcNhsZ/ErtQ6u2lMYu/YxXgbBtl+oKOhGQHa4RpvE68k8IzbWkABzHnyAIjR758A==",
      "dependencies": {
        "libheif-js": "^1.19.8"
      },
      "engines": {
        "node": ">=8.0.0"
      }
    },
    "node_modules/jpeg-js": {
      "version": "0.4.4",
      "resolved": "https://registry.npmjs.org/jpeg-js/-/jpeg-js-0.4.4.tgz",
      "integrity": "sha512-WZzeDOEtTOBK4Mdsar0IqEU5sMr3vSV2RqkAIzUEV2BHnUfKGyswWFPFwK5EeDo93K3FohSHbLAjj0s1Wzd+dg=="
    },
    "node_modules/libheif-js": {
      "version": "1.19.8",
      "resolved": "https://registry.npmjs.org/libheif-js/-/libheif-js-1.19.8.tgz",
      "integrity": "sha512-vQJWusIxO7wavpON1dusciL8Go9jsIQ+EUrckauFYAiSTjcmLAsuJh3SszLpvkwPci3JcL41ek2n+LUZGFpPIQ==",
      "engines": {
        "node": ">=8.0.0"
      }
    },
    "node_modules/pngjs": {
      "version": "6.0.0",
      "resolved": "https://registry.npmjs.org/pngjs/-/pngjs-6.0.0.tgz",
      "integrity": "sha512-TRzzuFRRmEoSW/p1KVAmiOgPco2Irlah+bGFCeNfJXxxYGwSw7YwAOAcd7X28K/m5bjBWKsC29KyoMfHbypayg==",
      "engines": {
        "node": ">=12.13.0"
      }
    },
    "node_modules/robot3": {
      "version": "0.4.1",
      "resolved": "https://registry.npmjs.org/robot3/-/robot3-0.4.1.tgz",
      "integrity": "sha512-hzjy826lrxzx8eRgv80idkf8ua1JAepRc9Efdtj03N3KNJuznQCPlyCJ7gnUmDFwZCLQjxy567mQVKmdv2BsXQ=="
    }
  }
}
